
Microsoft Visual Studio Solution File, Format Version 12.00
# Visual Studio Version 16
VisualStudioVersion = 16.0.31112.23
MinimumVisualStudioVersion = 10.0.40219.1
Project("{8BC9CEB8-8B4A-11D0-8D11-00A0C91BC942}") = "TestHarness", "TestHarness\TestHarness.vcxproj", "{B301B9AF-7B9F-4E60-8E3D-E658410BFFEE}"
EndProject
Global
	GlobalSection(SolutionConfigurationPlatforms) = preSolution
		Debug|x64 = Debug|x64
		Debug|x86 = Debug|x86
		Release|x64 = Release|x64
		Release|x86 = Release|x86
	EndGlobalSection
	GlobalSection(ProjectConfigurationPlatforms) = postSolution
		{B301B9AF-7B9F-4E60-8E3D-E658410BFFEE}.Debug|x64.ActiveCfg = Debug|x64
		{B301B9AF-7B9F-4E60-8E3D-E658410BFFEE}.Debug|x64.Build.0 = Debug|x64
		{B301B9AF-7B9F-4E60-8E3D-E658410BFFEE}.Debug|x86.ActiveCfg = Debug|Win32
		{B301B9AF-7B9F-4E60-8E3D-E658410BFFEE}.Debug|x86.Build.0 = Debug|Win32
		{B301B9AF-7B9F-4E60-8E3D-E658410BFFEE}.Release|x64.ActiveCfg = Release|x64
		{B301B9AF-7B9F-4E60-8E3D-E658410BFFEE}.Release|x64.Build.0 = Release|x64
		{B301B9AF-7B9F-4E60-8E3D-E658410BFFEE}.Release|x86.ActiveCfg = Release|Win32
		{B301B9AF-7B9F-4E60-8E3D-E658410BFFEE}.Release|x86.Build.0 = Release|Win32
	EndGlobalSection
	GlobalSection(SolutionProperties) = preSolution
		HideSolutionNode = FALSE
	EndGlobalSection
	GlobalSection(ExtensibilityGlobals) = postSolution
		SolutionGuid = {D0FC7028-E0B1-412D-93FE-50E9B074157B}
	EndGlobalSection
EndGlobal
